
Microsoft Visual Studio Solution File, Format Version 12.00
# Visual Studio Version 16
VisualStudioVersion = 16.0.31410.357
MinimumVisualStudioVersion = 10.0.40219.1
Project("{FAE04EC0-301F-11D3-BF4B-00C04F79EFBC}") = "RachaCucaPoker.ConsoleApp", "RachaCucaPoker.ConsoleApp\RachaCucaPoker.ConsoleApp.csproj", "{367075B4-5A1D-4563-A87E-D72468150E44}"
EndProject
Project("{FAE04EC0-301F-11D3-BF4B-00C04F79EFBC}") = "RachaCucaPokerTests", "RachaCucaPokerTests\RachaCucaPokerTests.csproj", "{A43B093D-A55B-42D8-98EB-A62BD24D7A00}"
EndProject
Project("{FAE04EC0-301F-11D3-BF4B-00C04F79EFBC}") = "RachaCucaPoker.Dominio", "RachaCucaPoker.Dominio\RachaCucaPoker.Dominio.csproj", "{62ACA5C4-FBF7-430D-B842-7A4E761695C6}"
EndProject
Global
	GlobalSection(SolutionConfigurationPlatforms) = preSolution
		Debug|Any CPU = Debug|Any CPU
		Release|Any CPU = Release|Any CPU
	EndGlobalSection
	GlobalSection(ProjectConfigurationPlatforms) = postSolution
		{367075B4-5A1D-4563-A87E-D72468150E44}.Debug|Any CPU.ActiveCfg = Debug|Any CPU
		{367075B4-5A1D-4563-A87E-D72468150E44}.Debug|Any CPU.Build.0 = Debug|Any CPU
		{367075B4-5A1D-4563-A87E-D72468150E44}.Release|Any CPU.ActiveCfg = Release|Any CPU
		{367075B4-5A1D-4563-A87E-D72468150E44}.Release|Any CPU.Build.0 = Release|Any CPU
		{A43B093D-A55B-42D8-98EB-A62BD24D7A00}.Debug|Any CPU.ActiveCfg = Debug|Any CPU
		{A43B093D-A55B-42D8-98EB-A62BD24D7A00}.Debug|Any CPU.Build.0 = Debug|Any CPU
		{A43B093D-A55B-42D8-98EB-A62BD24D7A00}.Release|Any CPU.ActiveCfg = Release|Any CPU
		{A43B093D-A55B-42D8-98EB-A62BD24D7A00}.Release|Any CPU.Build.0 = Release|Any CPU
		{62ACA5C4-FBF7-430D-B842-7A4E761695C6}.Debug|Any CPU.ActiveCfg = Debug|Any CPU
		{62ACA5C4-FBF7-430D-B842-7A4E761695C6}.Debug|Any CPU.Build.0 = Debug|Any CPU
		{62ACA5C4-FBF7-430D-B842-7A4E761695C6}.Release|Any CPU.ActiveCfg = Release|Any CPU
		{62ACA5C4-FBF7-430D-B842-7A4E761695C6}.Release|Any CPU.Build.0 = Release|Any CPU
	EndGlobalSection
	GlobalSection(SolutionProperties) = preSolution
		HideSolutionNode = FALSE
	EndGlobalSection
	GlobalSection(ExtensibilityGlobals) = postSolution
		SolutionGuid = {9188C347-3AE5-409D-9A59-CD03C760B199}
	EndGlobalSection
EndGlobal
